
Microsoft Visual Studio Solution File, Format Version 12.00
# Visual Studio 2013
VisualStudioVersion = 12.0.40629.0
MinimumVisualStudioVersion = 10.0.40219.1
Project("{FAE04EC0-301F-11D3-BF4B-00C04F79EFBC}") = "recordatorioPrestados", "recordatorioPrestados\recordatorioPrestados.csproj", "{A96F6D4B-AEAE-4976-A2B6-709E9DA6DDE9}"
EndProject
Global
	GlobalSection(SolutionConfigurationPlatforms) = preSolution
		Debug|Any CPU = Debug|Any CPU
		Release|Any CPU = Release|Any CPU
	EndGlobalSection
	GlobalSection(ProjectConfigurationPlatforms) = postSolution
		{A96F6D4B-AEAE-4976-A2B6-709E9DA6DDE9}.Debug|Any CPU.ActiveCfg = Debug|Any CPU
		{A96F6D4B-AEAE-4976-A2B6-709E9DA6DDE9}.Debug|Any CPU.Build.0 = Debug|Any CPU
		{A96F6D4B-AEAE-4976-A2B6-709E9DA6DDE9}.Release|Any CPU.ActiveCfg = Release|Any CPU
		{A96F6D4B-AEAE-4976-A2B6-709E9DA6DDE9}.Release|Any CPU.Build.0 = Release|Any CPU
	EndGlobalSection
	GlobalSection(SolutionProperties) = preSolution
		HideSolutionNode = FALSE
	EndGlobalSection
EndGlobal
